
Microsoft Visual Studio Solution File, Format Version 12.00
# Visual Studio Version 17
VisualStudioVersion = 17.6.33829.357
MinimumVisualStudioVersion = 10.0.40219.1
Project("{FAE04EC0-301F-11D3-BF4B-00C04F79EFBC}") = "BusinessEntities", "BusinessEntities\BusinessEntities.csproj", "{3081E31E-8F19-4CE0-B270-08A6AE43E8E3}"
EndProject
Project("{FAE04EC0-301F-11D3-BF4B-00C04F79EFBC}") = "BusinessServices", "BusinessServices\BusinessServices.csproj", "{14A33161-B48D-4EA5-BC16-E7C89385693C}"
EndProject
Project("{FAE04EC0-301F-11D3-BF4B-00C04F79EFBC}") = "DataModel", "DataModel\DataModel.csproj", "{13C1EE25-0B13-4A7B-9A3B-55B2D450F5FD}"
EndProject
Project("{FAE04EC0-301F-11D3-BF4B-00C04F79EFBC}") = "GameDineHub", "GameDineHub\GameDineHub.csproj", "{6ABAFCF0-7379-4809-BE5A-4A34B2961233}"
	ProjectSection(ProjectDependencies) = postProject
		{13C1EE25-0B13-4A7B-9A3B-55B2D450F5FD} = {13C1EE25-0B13-4A7B-9A3B-55B2D450F5FD}
	EndProjectSection
EndProject
Global
	GlobalSection(SolutionConfigurationPlatforms) = preSolution
		Debug|Any CPU = Debug|Any CPU
		Release|Any CPU = Release|Any CPU
	EndGlobalSection
	GlobalSection(ProjectConfigurationPlatforms) = postSolution
		{3081E31E-8F19-4CE0-B270-08A6AE43E8E3}.Debug|Any CPU.ActiveCfg = Debug|Any CPU
		{3081E31E-8F19-4CE0-B270-08A6AE43E8E3}.Debug|Any CPU.Build.0 = Debug|Any CPU
		{3081E31E-8F19-4CE0-B270-08A6AE43E8E3}.Release|Any CPU.ActiveCfg = Release|Any CPU
		{3081E31E-8F19-4CE0-B270-08A6AE43E8E3}.Release|Any CPU.Build.0 = Release|Any CPU
		{14A33161-B48D-4EA5-BC16-E7C89385693C}.Debug|Any CPU.ActiveCfg = Debug|Any CPU
		{14A33161-B48D-4EA5-BC16-E7C89385693C}.Debug|Any CPU.Build.0 = Debug|Any CPU
		{14A33161-B48D-4EA5-BC16-E7C89385693C}.Release|Any CPU.ActiveCfg = Release|Any CPU
		{14A33161-B48D-4EA5-BC16-E7C89385693C}.Release|Any CPU.Build.0 = Release|Any CPU
		{13C1EE25-0B13-4A7B-9A3B-55B2D450F5FD}.Debug|Any CPU.ActiveCfg = Debug|Any CPU
		{13C1EE25-0B13-4A7B-9A3B-55B2D450F5FD}.Debug|Any CPU.Build.0 = Debug|Any CPU
		{13C1EE25-0B13-4A7B-9A3B-55B2D450F5FD}.Release|Any CPU.ActiveCfg = Release|Any CPU
		{13C1EE25-0B13-4A7B-9A3B-55B2D450F5FD}.Release|Any CPU.Build.0 = Release|Any CPU
		{6ABAFCF0-7379-4809-BE5A-4A34B2961233}.Debug|Any CPU.ActiveCfg = Debug|Any CPU
		{6ABAFCF0-7379-4809-BE5A-4A34B2961233}.Debug|Any CPU.Build.0 = Debug|Any CPU
		{6ABAFCF0-7379-4809-BE5A-4A34B2961233}.Release|Any CPU.ActiveCfg = Release|Any CPU
		{6ABAFCF0-7379-4809-BE5A-4A34B2961233}.Release|Any CPU.Build.0 = Release|Any CPU
	EndGlobalSection
	GlobalSection(SolutionProperties) = preSolution
		HideSolutionNode = FALSE
	EndGlobalSection
	GlobalSection(ExtensibilityGlobals) = postSolution
		SolutionGuid = {E8F95282-F61E-4BAD-B8DF-F67878941E1F}
	EndGlobalSection
EndGlobal
